
Microsoft Visual Studio Solution File, Format Version 12.00
# Visual Studio Version 16
VisualStudioVersion = 16.0.31613.86
MinimumVisualStudioVersion = 10.0.40219.1
Project("{FAE04EC0-301F-11D3-BF4B-00C04F79EFBC}") = "ByteBank.SistemaAgencia", "ByteBank.SistemaAgencia\ByteBank.SistemaAgencia.csproj", "{C930DF9B-825A-4306-88F0-DA8F16A4015B}"
EndProject
Project("{FAE04EC0-301F-11D3-BF4B-00C04F79EFBC}") = "ByteBank.Modelos", "ByteBank.Modelos\ByteBank.Modelos.csproj", "{820E4926-4AEF-4D6C-93D4-0AD76F914C22}"
EndProject
Global
	GlobalSection(SolutionConfigurationPlatforms) = preSolution
		Debug|Any CPU = Debug|Any CPU
		Release|Any CPU = Release|Any CPU
	EndGlobalSection
	GlobalSection(ProjectConfigurationPlatforms) = postSolution
		{C930DF9B-825A-4306-88F0-DA8F16A4015B}.Debug|Any CPU.ActiveCfg = Debug|Any CPU
		{C930DF9B-825A-4306-88F0-DA8F16A4015B}.Debug|Any CPU.Build.0 = Debug|Any CPU
		{C930DF9B-825A-4306-88F0-DA8F16A4015B}.Release|Any CPU.ActiveCfg = Release|Any CPU
		{C930DF9B-825A-4306-88F0-DA8F16A4015B}.Release|Any CPU.Build.0 = Release|Any CPU
		{820E4926-4AEF-4D6C-93D4-0AD76F914C22}.Debug|Any CPU.ActiveCfg = Debug|Any CPU
		{820E4926-4AEF-4D6C-93D4-0AD76F914C22}.Debug|Any CPU.Build.0 = Debug|Any CPU
		{820E4926-4AEF-4D6C-93D4-0AD76F914C22}.Release|Any CPU.ActiveCfg = Release|Any CPU
		{820E4926-4AEF-4D6C-93D4-0AD76F914C22}.Release|Any CPU.Build.0 = Release|Any CPU
	EndGlobalSection
	GlobalSection(SolutionProperties) = preSolution
		HideSolutionNode = FALSE
	EndGlobalSection
	GlobalSection(ExtensibilityGlobals) = postSolution
		SolutionGuid = {AE412DAD-A5D2-4B29-9305-CBB830780568}
	EndGlobalSection
EndGlobal
